<?xml version="1.0" encoding="utf-8"?>
<Project ToolsVersion="4.0" xmlns="http://schemas.microsoft.com/developer/msbuild/2003">
  <ItemGroup>
    <Filter Include="源文件">
      <UniqueIdentifier>{4FC737F1-C7A5-4376-A066-2A32D752A2FF}</UniqueIdentifier>
      <Extensions>cpp;c;cc;cxx;def;odl;idl;hpj;bat;asm;asmx</Extensions>
    </Filter>
    <Filter Include="头文件">
      <UniqueIdentifier>{93995380-89BD-4b04-88EB-625FBE52EBFB}</UniqueIdentifier>
      <Extensions>h;hh;hpp;hxx;hm;inl;inc;xsd</Extensions>
    </Filter>
    <Filter Include="资源文件">
      <UniqueIdentifier>{67DA6AB6-F800-4c08-8B7A-83BB121AAD01}</UniqueIdentifier>
      <Extensions>rc;ico;cur;bmp;dlg;rc2;rct;bin;rgs;gif;jpg;jpeg;jpe;resx;tiff;tif;png;wav;mfcribbon-ms</Extensions>
    </Filter>
  </ItemGroup>
  <ItemGroup>
    <ClInclude Include="cluster.h">
      <Filter>头文件</Filter>
    </ClInclude>
    <ClInclude Include="cluster_action.h">
      <Filter>头文件</Filter>
    </ClInclude>
    <ClInclude Include="cluster_node.h">
      <Filter>头文件</Filter>
    </ClInclude>
    <ClInclude Include="config.h">
      <Filter>头文件</Filter>
    </ClInclude>
    <ClInclude Include="dispatch.h">
      <Filter>头文件</Filter>
    </ClInclude>
    <ClInclude Include="global.h">
      <Filter>头文件</Filter>
    </ClInclude>
    <ClInclude Include="msg_struct.h">
      <Filter>头文件</Filter>
    </ClInclude>
    <ClInclude Include="net_thread.h">
      <Filter>头文件</Filter>
    </ClInclude>
    <ClInclude Include="rpc_helper.h">
      <Filter>头文件</Filter>
    </ClInclude>
    <ClInclude Include="session_struct.h">
      <Filter>头文件</Filter>
    </ClInclude>
    <ClInclude Include="task_thread.h">
      <Filter>头文件</Filter>
    </ClInclude>
    <ClInclude Include="channel_inner.h">
      <Filter>头文件</Filter>
    </ClInclude>
    <ClInclude Include="channel_proc_imp.h">
      <Filter>头文件</Filter>
    </ClInclude>
    <ClInclude Include="util\inc\component\dataqueue.h">
      <Filter>头文件</Filter>
    </ClInclude>
    <ClInclude Include="util\inc\component\log.h">
      <Filter>头文件</Filter>
    </ClInclude>
    <ClInclude Include="util\inc\component\memheap_mt.h">
      <Filter>头文件</Filter>
    </ClInclude>
    <ClInclude Include="util\inc\component\memref.h">
      <Filter>头文件</Filter>
    </ClInclude>
    <ClInclude Include="util\inc\component\rbtimer.h">
      <Filter>头文件</Filter>
    </ClInclude>
    <ClInclude Include="util\inc\component\reactor.h">
      <Filter>头文件</Filter>
    </ClInclude>
    <ClInclude Include="util\inc\component\rpc_core.h">
      <Filter>头文件</Filter>
    </ClInclude>
    <ClInclude Include="util\inc\crt\geometry\aabb.h">
      <Filter>头文件</Filter>
    </ClInclude>
    <ClInclude Include="util\inc\crt\geometry\collision_detection.h">
      <Filter>头文件</Filter>
    </ClInclude>
    <ClInclude Include="util\inc\crt\geometry\line_segment.h">
      <Filter>头文件</Filter>
    </ClInclude>
    <ClInclude Include="util\inc\crt\geometry\plane.h">
      <Filter>头文件</Filter>
    </ClInclude>
    <ClInclude Include="util\inc\crt\geometry\sphere.h">
      <Filter>头文件</Filter>
    </ClInclude>
    <ClInclude Include="util\inc\crt\geometry\triangle.h">
      <Filter>头文件</Filter>
    </ClInclude>
    <ClInclude Include="util\inc\crt\cXML.h">
      <Filter>头文件</Filter>
    </ClInclude>
    <ClInclude Include="util\inc\crt\dynarr.h">
      <Filter>头文件</Filter>
    </ClInclude>
    <ClInclude Include="util\inc\crt\export_free.h">
      <Filter>头文件</Filter>
    </ClInclude>
    <ClInclude Include="util\inc\crt\json.h">
      <Filter>头文件</Filter>
    </ClInclude>
    <ClInclude Include="util\inc\crt\math.h">
      <Filter>头文件</Filter>
    </ClInclude>
    <ClInclude Include="util\inc\crt\math_vec3.h">
      <Filter>头文件</Filter>
    </ClInclude>
    <ClInclude Include="util\inc\crt\octree.h">
      <Filter>头文件</Filter>
    </ClInclude>
    <ClInclude Include="util\inc\datastruct\arrheap.h">
      <Filter>头文件</Filter>
    </ClInclude>
    <ClInclude Include="util\inc\datastruct\base64.h">
      <Filter>头文件</Filter>
    </ClInclude>
    <ClInclude Include="util\inc\datastruct\bstree.h">
      <Filter>头文件</Filter>
    </ClInclude>
    <ClInclude Include="util\inc\datastruct\graph.h">
      <Filter>头文件</Filter>
    </ClInclude>
    <ClInclude Include="util\inc\datastruct\hash.h">
      <Filter>头文件</Filter>
    </ClInclude>
    <ClInclude Include="util\inc\datastruct\hashtable.h">
      <Filter>头文件</Filter>
    </ClInclude>
    <ClInclude Include="util\inc\datastruct\lengthfieldframe.h">
      <Filter>头文件</Filter>
    </ClInclude>
    <ClInclude Include="util\inc\datastruct\list.h">
      <Filter>头文件</Filter>
    </ClInclude>
    <ClInclude Include="util\inc\datastruct\md5.h">
      <Filter>头文件</Filter>
    </ClInclude>
    <ClInclude Include="util\inc\datastruct\memfunc.h">
      <Filter>头文件</Filter>
    </ClInclude>
    <ClInclude Include="util\inc\datastruct\memheap.h">
      <Filter>头文件</Filter>
    </ClInclude>
    <ClInclude Include="util\inc\datastruct\random.h">
      <Filter>头文件</Filter>
    </ClInclude>
    <ClInclude Include="util\inc\datastruct\rbtree.h">
      <Filter>头文件</Filter>
    </ClInclude>
    <ClInclude Include="util\inc\datastruct\sha1.h">
      <Filter>头文件</Filter>
    </ClInclude>
    <ClInclude Include="util\inc\datastruct\transport_ctx.h">
      <Filter>头文件</Filter>
    </ClInclude>
    <ClInclude Include="util\inc\datastruct\tree.h">
      <Filter>头文件</Filter>
    </ClInclude>
    <ClInclude Include="util\inc\datastruct\url.h">
      <Filter>头文件</Filter>
    </ClInclude>
    <ClInclude Include="util\inc\sysapi\assert.h">
      <Filter>头文件</Filter>
    </ClInclude>
    <ClInclude Include="util\inc\sysapi\atomic.h">
      <Filter>头文件</Filter>
    </ClInclude>
    <ClInclude Include="util\inc\sysapi\error.h">
      <Filter>头文件</Filter>
    </ClInclude>
    <ClInclude Include="util\inc\sysapi\file.h">
      <Filter>头文件</Filter>
    </ClInclude>
    <ClInclude Include="util\inc\sysapi\io.h">
      <Filter>头文件</Filter>
    </ClInclude>
    <ClInclude Include="util\inc\sysapi\ipc.h">
      <Filter>头文件</Filter>
    </ClInclude>
    <ClInclude Include="util\inc\sysapi\misc.h">
      <Filter>头文件</Filter>
    </ClInclude>
    <ClInclude Include="util\inc\sysapi\mmap.h">
      <Filter>头文件</Filter>
    </ClInclude>
    <ClInclude Include="util\inc\sysapi\process.h">
      <Filter>头文件</Filter>
    </ClInclude>
    <ClInclude Include="util\inc\sysapi\socket.h">
      <Filter>头文件</Filter>
    </ClInclude>
    <ClInclude Include="util\inc\sysapi\statistics.h">
      <Filter>头文件</Filter>
    </ClInclude>
    <ClInclude Include="util\inc\sysapi\terminal.h">
      <Filter>头文件</Filter>
    </ClInclude>
    <ClInclude Include="util\inc\sysapi\time.h">
      <Filter>头文件</Filter>
    </ClInclude>
    <ClInclude Include="util\inc\sysapi\vkeycode.h">
      <Filter>头文件</Filter>
    </ClInclude>
    <ClInclude Include="util\inc\all.h">
      <Filter>头文件</Filter>
    </ClInclude>
    <ClInclude Include="util\inc\compiler_define.h">
      <Filter>头文件</Filter>
    </ClInclude>
    <ClInclude Include="util\inc\platform_define.h">
      <Filter>头文件</Filter>
    </ClInclude>
    <ClInclude Include="util\inc\crt\geometry\geometry_def.h">
      <Filter>头文件</Filter>
    </ClInclude>
    <ClInclude Include="cluster_node_group.h">
      <Filter>头文件</Filter>
    </ClInclude>
    <ClInclude Include="util\inc\crt\math_quat.h">
      <Filter>头文件</Filter>
    </ClInclude>
    <ClInclude Include="util\inc\crt\geometry\obb.h">
      <Filter>头文件</Filter>
    </ClInclude>
    <ClInclude Include="util\inc\crt\geometry\collision_intersect.h">
      <Filter>头文件</Filter>
    </ClInclude>
    <ClInclude Include="channel_redis.h">
      <Filter>头文件</Filter>
    </ClInclude>
    <ClInclude Include="channel_websocket.h">
      <Filter>头文件</Filter>
    </ClInclude>
    <ClInclude Include="channel_http.h">
      <Filter>头文件</Filter>
    </ClInclude>
    <ClInclude Include="util\inc\crt\protocol\hiredis_cli_protocol.h">
      <Filter>头文件</Filter>
    </ClInclude>
    <ClInclude Include="util\inc\crt\protocol\httpframe.h">
      <Filter>头文件</Filter>
    </ClInclude>
    <ClInclude Include="util\inc\crt\protocol\websocketframe.h">
      <Filter>头文件</Filter>
    </ClInclude>
    <ClInclude Include="util\inc\component\net_channel_rw.h">
      <Filter>头文件</Filter>
    </ClInclude>
  </ItemGroup>
  <ItemGroup>
    <ClCompile Include="cluster.c">
      <Filter>源文件</Filter>
    </ClCompile>
    <ClCompile Include="cluster_action.c">
      <Filter>源文件</Filter>
    </ClCompile>
    <ClCompile Include="cluster_node.c">
      <Filter>源文件</Filter>
    </ClCompile>
    <ClCompile Include="config.c">
      <Filter>源文件</Filter>
    </ClCompile>
    <ClCompile Include="dispatch.c">
      <Filter>源文件</Filter>
    </ClCompile>
    <ClCompile Include="global.c">
      <Filter>源文件</Filter>
    </ClCompile>
    <ClCompile Include="msg_struct.c">
      <Filter>源文件</Filter>
    </ClCompile>
    <ClCompile Include="net_thread.c">
      <Filter>源文件</Filter>
    </ClCompile>
    <ClCompile Include="rpc_helper.c">
      <Filter>源文件</Filter>
    </ClCompile>
    <ClCompile Include="session_struct.c">
      <Filter>源文件</Filter>
    </ClCompile>
    <ClCompile Include="task_thread.c">
      <Filter>源文件</Filter>
    </ClCompile>
    <ClCompile Include="channel_inner.c">
      <Filter>源文件</Filter>
    </ClCompile>
    <ClCompile Include="channel_proc_imp.c">
      <Filter>源文件</Filter>
    </ClCompile>
    <ClCompile Include="util\src\component\dataqueue.c">
      <Filter>源文件</Filter>
    </ClCompile>
    <ClCompile Include="util\src\component\log.c">
      <Filter>源文件</Filter>
    </ClCompile>
    <ClCompile Include="util\src\component\memheap_mt.c">
      <Filter>源文件</Filter>
    </ClCompile>
    <ClCompile Include="util\src\component\memref.c">
      <Filter>源文件</Filter>
    </ClCompile>
    <ClCompile Include="util\src\component\rbtimer.c">
      <Filter>源文件</Filter>
    </ClCompile>
    <ClCompile Include="util\src\component\reactor.c">
      <Filter>源文件</Filter>
    </ClCompile>
    <ClCompile Include="util\src\component\rpc_core.c">
      <Filter>源文件</Filter>
    </ClCompile>
    <ClCompile Include="util\src\crt\geometry\aabb.c">
      <Filter>源文件</Filter>
    </ClCompile>
    <ClCompile Include="util\src\crt\geometry\collision_detection.c">
      <Filter>源文件</Filter>
    </ClCompile>
    <ClCompile Include="util\src\crt\geometry\line_segment.c">
      <Filter>源文件</Filter>
    </ClCompile>
    <ClCompile Include="util\src\crt\geometry\plane.c">
      <Filter>源文件</Filter>
    </ClCompile>
    <ClCompile Include="util\src\crt\geometry\sphere.c">
      <Filter>源文件</Filter>
    </ClCompile>
    <ClCompile Include="util\src\crt\geometry\triangle.c">
      <Filter>源文件</Filter>
    </ClCompile>
    <ClCompile Include="util\src\crt\cXML.c">
      <Filter>源文件</Filter>
    </ClCompile>
    <ClCompile Include="util\src\crt\dynarr.c">
      <Filter>源文件</Filter>
    </ClCompile>
    <ClCompile Include="util\src\crt\export_free.c">
      <Filter>源文件</Filter>
    </ClCompile>
    <ClCompile Include="util\src\crt\json.c">
      <Filter>源文件</Filter>
    </ClCompile>
    <ClCompile Include="util\src\crt\math.c">
      <Filter>源文件</Filter>
    </ClCompile>
    <ClCompile Include="util\src\crt\math_vec3.c">
      <Filter>源文件</Filter>
    </ClCompile>
    <ClCompile Include="util\src\crt\octree.c">
      <Filter>源文件</Filter>
    </ClCompile>
    <ClCompile Include="util\src\datastruct\base64.c">
      <Filter>源文件</Filter>
    </ClCompile>
    <ClCompile Include="util\src\datastruct\bstree.c">
      <Filter>源文件</Filter>
    </ClCompile>
    <ClCompile Include="util\src\datastruct\graph.c">
      <Filter>源文件</Filter>
    </ClCompile>
    <ClCompile Include="util\src\datastruct\hash.c">
      <Filter>源文件</Filter>
    </ClCompile>
    <ClCompile Include="util\src\datastruct\hashtable.c">
      <Filter>源文件</Filter>
    </ClCompile>
    <ClCompile Include="util\src\datastruct\lengthfieldframe.c">
      <Filter>源文件</Filter>
    </ClCompile>
    <ClCompile Include="util\src\datastruct\list.c">
      <Filter>源文件</Filter>
    </ClCompile>
    <ClCompile Include="util\src\datastruct\md5.c">
      <Filter>源文件</Filter>
    </ClCompile>
    <ClCompile Include="util\src\datastruct\memfunc.c">
      <Filter>源文件</Filter>
    </ClCompile>
    <ClCompile Include="util\src\datastruct\memheap.c">
      <Filter>源文件</Filter>
    </ClCompile>
    <ClCompile Include="util\src\datastruct\random.c">
      <Filter>源文件</Filter>
    </ClCompile>
    <ClCompile Include="util\src\datastruct\rbtree.c">
      <Filter>源文件</Filter>
    </ClCompile>
    <ClCompile Include="util\src\datastruct\sha1.c">
      <Filter>源文件</Filter>
    </ClCompile>
    <ClCompile Include="util\src\datastruct\transport_ctx.c">
      <Filter>源文件</Filter>
    </ClCompile>
    <ClCompile Include="util\src\datastruct\tree.c">
      <Filter>源文件</Filter>
    </ClCompile>
    <ClCompile Include="util\src\datastruct\url.c">
      <Filter>源文件</Filter>
    </ClCompile>
    <ClCompile Include="util\src\sysapi\error.c">
      <Filter>源文件</Filter>
    </ClCompile>
    <ClCompile Include="util\src\sysapi\file.c">
      <Filter>源文件</Filter>
    </ClCompile>
    <ClCompile Include="util\src\sysapi\io.c">
      <Filter>源文件</Filter>
    </ClCompile>
    <ClCompile Include="util\src\sysapi\ipc.c">
      <Filter>源文件</Filter>
    </ClCompile>
    <ClCompile Include="util\src\sysapi\misc.c">
      <Filter>源文件</Filter>
    </ClCompile>
    <ClCompile Include="util\src\sysapi\mmap.c">
      <Filter>源文件</Filter>
    </ClCompile>
    <ClCompile Include="util\src\sysapi\process.c">
      <Filter>源文件</Filter>
    </ClCompile>
    <ClCompile Include="util\src\sysapi\socket.c">
      <Filter>源文件</Filter>
    </ClCompile>
    <ClCompile Include="util\src\sysapi\statistics.c">
      <Filter>源文件</Filter>
    </ClCompile>
    <ClCompile Include="util\src\sysapi\terminal.c">
      <Filter>源文件</Filter>
    </ClCompile>
    <ClCompile Include="util\src\sysapi\time.c">
      <Filter>源文件</Filter>
    </ClCompile>
    <ClCompile Include="cluster_node_group.c">
      <Filter>源文件</Filter>
    </ClCompile>
    <ClCompile Include="util\src\crt\math_quat.c">
      <Filter>源文件</Filter>
    </ClCompile>
    <ClCompile Include="util\src\crt\geometry\obb.c">
      <Filter>源文件</Filter>
    </ClCompile>
    <ClCompile Include="util\src\crt\geometry\collision_intersect.c">
      <Filter>源文件</Filter>
    </ClCompile>
    <ClCompile Include="channel_redis.c">
      <Filter>源文件</Filter>
    </ClCompile>
    <ClCompile Include="channel_websocket.c">
      <Filter>源文件</Filter>
    </ClCompile>
    <ClCompile Include="channel_http.c">
      <Filter>源文件</Filter>
    </ClCompile>
    <ClCompile Include="util\src\crt\protocol\hiredis_cli_protocol.c">
      <Filter>源文件</Filter>
    </ClCompile>
    <ClCompile Include="util\src\crt\protocol\httpframe.c">
      <Filter>源文件</Filter>
    </ClCompile>
    <ClCompile Include="util\src\crt\protocol\websocketframe.c">
      <Filter>源文件</Filter>
    </ClCompile>
    <ClCompile Include="util\src\component\net_channel_rw.c">
      <Filter>源文件</Filter>
    </ClCompile>
  </ItemGroup>
</Project>